# THIS IS AN AUTOGENERATED FILE. DO NOT EDIT THIS FILE DIRECTLY.
# yarn lockfile v1


typescript@^4.1.3:
  version "4.7.4"
  resolved "https://registry.npmmirror.com/typescript/-/typescript-4.7.4.tgz#1a88596d1cf47d59507a1bcdfb5b9dfe4d488235"
  integrity sha512-C0WQT0gezHuw6AdY1M2jxUO83Rjf0HP7Sk1DtXj6j1EwkQNZrHAg2XPWlq62oqEhYvONq5pkC2Y9oPljWToLmQ==

yaserver@^0.3.0:
  version "0.3.0"
  resolved "https://registry.npmmirror.com/yaserver/-/yaserver-0.3.0.tgz#b92b52608c5954003ea5c7c90a367e35e7253350"
  integrity sha512-q7O/gz6B46jA0QZptLxPDBWwojnbpxXwjHGHwWKghsPQBNDcTwOmJ2wTbFAoU6me1M/Z995eATE5THYmGzGE6A==
